# Generated by buf. DO NOT EDIT.
version: v1
deps:
  - remote: buf.build
    owner: agynio
    repository: api
    commit: 5f499d593b034d2dac8d4dfaff62c8db
    digest: shake256:d0d08ed0a5e950729cfa7df66965e90ffcda0f9ee8a9d8ad2dbf9389d9e620c4caf7e86f70572014008aeea43871b7976968e59e0afc3f8d64fc785fc0d2712d
  - remote: buf.build
    owner: opentelemetry
    repository: opentelemetry
    commit: 5f2c7d4f740541589805e0816dad4bb0
    digest: shake256:1a1c76b9fb39277f441fa81273e5132e2856558fd52b04e3ea69051f6ecdb5293e35c8915ec7e20507bba9d4bb6b0ba9a1408062fa63dd7f09db015ad06736ab
