# Generated by buf. DO NOT EDIT.
version: v1
deps:
  - remote: buf.build
    owner: agynio
    repository: api
    commit: 8d4dc9a8133f4963a67ed84b3f6ca45f
    digest: shake256:8fbacb396f9ef5bff102f4ec526801d3f1bf2bf29ecfbdcf76b5a257c6c4cdcd8717d12f3609c28cbb7bd0eeafa359da816fb98820e2afa6c9d048ce8ced7c90
  - remote: buf.build
    owner: opentelemetry
    repository: opentelemetry
    commit: 5f2c7d4f740541589805e0816dad4bb0
    digest: shake256:1a1c76b9fb39277f441fa81273e5132e2856558fd52b04e3ea69051f6ecdb5293e35c8915ec7e20507bba9d4bb6b0ba9a1408062fa63dd7f09db015ad06736ab
