# Generated by buf. DO NOT EDIT.
version: v1
deps:
  - remote: buf.build
    owner: agynio
    repository: api
    commit: a452b98c6ee449f0a2a9f65338fc8b57
    digest: shake256:7cd060112f7bffd7fb24ab0550e8d7c9f2ba918e453fafa2c43b01d3b6d0e7b63b8bdda3173c3d60987f1394a3cab2b3d8a1e6e954b446cbfc3f41cae4a32223
  - remote: buf.build
    owner: opentelemetry
    repository: opentelemetry
    commit: 5f2c7d4f740541589805e0816dad4bb0
    digest: shake256:1a1c76b9fb39277f441fa81273e5132e2856558fd52b04e3ea69051f6ecdb5293e35c8915ec7e20507bba9d4bb6b0ba9a1408062fa63dd7f09db015ad06736ab
